
Microsoft Visual Studio Solution File, Format Version 12.00
# Visual Studio 14
VisualStudioVersion = 14.0.23107.0
MinimumVisualStudioVersion = 10.0.40219.1
Project("{8BC9CEB8-8B4A-11D0-8D11-00A0C91BC942}") = "BinarySearch", "BinarySearch\BinarySearch.vcxproj", "{12C2AF18-24EF-41A2-8572-7BE8B10971AB}"
EndProject
Project("{8BC9CEB8-8B4A-11D0-8D11-00A0C91BC942}") = "String", "String\String.vcxproj", "{6F39A0F4-47C0-4734-8225-F9B90C7A6ADC}"
EndProject
Project("{8BC9CEB8-8B4A-11D0-8D11-00A0C91BC942}") = "Matrix", "Matrix\Matrix.vcxproj", "{9204AB1B-E366-4767-B3AC-4B5B766F2609}"
EndProject
Project("{8BC9CEB8-8B4A-11D0-8D11-00A0C91BC942}") = "Sort", "Sort\Sort.vcxproj", "{2B941586-96B5-47D0-B54C-55DC89644845}"
EndProject
Project("{8BC9CEB8-8B4A-11D0-8D11-00A0C91BC942}") = "Array", "Array\Array.vcxproj", "{F65D8156-279E-493C-ACB0-8B2CFE629DA8}"
EndProject
Project("{8BC9CEB8-8B4A-11D0-8D11-00A0C91BC942}") = "ScaleAndResource", "ScaleAndResource\ScaleAndResource.vcxproj", "{D4F54987-B682-4D4D-BF3E-EF447789F5AB}"
EndProject
Project("{8BC9CEB8-8B4A-11D0-8D11-00A0C91BC942}") = "LinkedList", "LinkedList\LinkedList.vcxproj", "{C63514A2-A7E4-4A9A-B5A4-62D4087F6FE5}"
EndProject
Project("{8BC9CEB8-8B4A-11D0-8D11-00A0C91BC942}") = "Other", "Other\Other.vcxproj", "{9B93B565-3AE8-459B-A889-7CD2F712DD26}"
EndProject
Project("{8BC9CEB8-8B4A-11D0-8D11-00A0C91BC942}") = "Tree", "Tree\Tree.vcxproj", "{7FE917DF-F77F-49C1-ABEA-E71362CC9FCE}"
EndProject
Project("{8BC9CEB8-8B4A-11D0-8D11-00A0C91BC942}") = "BitOperation", "BitOperation\BitOperation.vcxproj", "{12483AE1-9F71-4A10-8EC4-E5AC2314C2E3}"
EndProject
Project("{8BC9CEB8-8B4A-11D0-8D11-00A0C91BC942}") = "DP", "DP\DP.vcxproj", "{67E4A36F-9E58-4211-BEA8-165B4795FA12}"
EndProject
Global
	GlobalSection(SolutionConfigurationPlatforms) = preSolution
		Debug|x64 = Debug|x64
		Debug|x86 = Debug|x86
		Release|x64 = Release|x64
		Release|x86 = Release|x86
	EndGlobalSection
	GlobalSection(ProjectConfigurationPlatforms) = postSolution
		{12C2AF18-24EF-41A2-8572-7BE8B10971AB}.Debug|x64.ActiveCfg = Debug|x64
		{12C2AF18-24EF-41A2-8572-7BE8B10971AB}.Debug|x64.Build.0 = Debug|x64
		{12C2AF18-24EF-41A2-8572-7BE8B10971AB}.Debug|x86.ActiveCfg = Debug|Win32
		{12C2AF18-24EF-41A2-8572-7BE8B10971AB}.Debug|x86.Build.0 = Debug|Win32
		{12C2AF18-24EF-41A2-8572-7BE8B10971AB}.Release|x64.ActiveCfg = Release|x64
		{12C2AF18-24EF-41A2-8572-7BE8B10971AB}.Release|x64.Build.0 = Release|x64
		{12C2AF18-24EF-41A2-8572-7BE8B10971AB}.Release|x86.ActiveCfg = Release|Win32
		{12C2AF18-24EF-41A2-8572-7BE8B10971AB}.Release|x86.Build.0 = Release|Win32
		{6F39A0F4-47C0-4734-8225-F9B90C7A6ADC}.Debug|x64.ActiveCfg = Debug|x64
		{6F39A0F4-47C0-4734-8225-F9B90C7A6ADC}.Debug|x64.Build.0 = Debug|x64
		{6F39A0F4-47C0-4734-8225-F9B90C7A6ADC}.Debug|x86.ActiveCfg = Debug|Win32
		{6F39A0F4-47C0-4734-8225-F9B90C7A6ADC}.Debug|x86.Build.0 = Debug|Win32
		{6F39A0F4-47C0-4734-8225-F9B90C7A6ADC}.Release|x64.ActiveCfg = Release|x64
		{6F39A0F4-47C0-4734-8225-F9B90C7A6ADC}.Release|x64.Build.0 = Release|x64
		{6F39A0F4-47C0-4734-8225-F9B90C7A6ADC}.Release|x86.ActiveCfg = Release|Win32
		{6F39A0F4-47C0-4734-8225-F9B90C7A6ADC}.Release|x86.Build.0 = Release|Win32
		{9204AB1B-E366-4767-B3AC-4B5B766F2609}.Debug|x64.ActiveCfg = Debug|x64
		{9204AB1B-E366-4767-B3AC-4B5B766F2609}.Debug|x64.Build.0 = Debug|x64
		{9204AB1B-E366-4767-B3AC-4B5B766F2609}.Debug|x86.ActiveCfg = Debug|Win32
		{9204AB1B-E366-4767-B3AC-4B5B766F2609}.Debug|x86.Build.0 = Debug|Win32
		{9204AB1B-E366-4767-B3AC-4B5B766F2609}.Release|x64.ActiveCfg = Release|x64
		{9204AB1B-E366-4767-B3AC-4B5B766F2609}.Release|x64.Build.0 = Release|x64
		{9204AB1B-E366-4767-B3AC-4B5B766F2609}.Release|x86.ActiveCfg = Release|Win32
		{9204AB1B-E366-4767-B3AC-4B5B766F2609}.Release|x86.Build.0 = Release|Win32
		{2B941586-96B5-47D0-B54C-55DC89644845}.Debug|x64.ActiveCfg = Debug|x64
		{2B941586-96B5-47D0-B54C-55DC89644845}.Debug|x64.Build.0 = Debug|x64
		{2B941586-96B5-47D0-B54C-55DC89644845}.Debug|x86.ActiveCfg = Debug|Win32
		{2B941586-96B5-47D0-B54C-55DC89644845}.Debug|x86.Build.0 = Debug|Win32
		{2B941586-96B5-47D0-B54C-55DC89644845}.Release|x64.ActiveCfg = Release|x64
		{2B941586-96B5-47D0-B54C-55DC89644845}.Release|x64.Build.0 = Release|x64
		{2B941586-96B5-47D0-B54C-55DC89644845}.Release|x86.ActiveCfg = Release|Win32
		{2B941586-96B5-47D0-B54C-55DC89644845}.Release|x86.Build.0 = Release|Win32
		{F65D8156-279E-493C-ACB0-8B2CFE629DA8}.Debug|x64.ActiveCfg = Debug|x64
		{F65D8156-279E-493C-ACB0-8B2CFE629DA8}.Debug|x64.Build.0 = Debug|x64
		{F65D8156-279E-493C-ACB0-8B2CFE629DA8}.Debug|x86.ActiveCfg = Debug|Win32
		{F65D8156-279E-493C-ACB0-8B2CFE629DA8}.Debug|x86.Build.0 = Debug|Win32
		{F65D8156-279E-493C-ACB0-8B2CFE629DA8}.Release|x64.ActiveCfg = Release|x64
		{F65D8156-279E-493C-ACB0-8B2CFE629DA8}.Release|x64.Build.0 = Release|x64
		{F65D8156-279E-493C-ACB0-8B2CFE629DA8}.Release|x86.ActiveCfg = Release|Win32
		{F65D8156-279E-493C-ACB0-8B2CFE629DA8}.Release|x86.Build.0 = Release|Win32
		{D4F54987-B682-4D4D-BF3E-EF447789F5AB}.Debug|x64.ActiveCfg = Debug|x64
		{D4F54987-B682-4D4D-BF3E-EF447789F5AB}.Debug|x64.Build.0 = Debug|x64
		{D4F54987-B682-4D4D-BF3E-EF447789F5AB}.Debug|x86.ActiveCfg = Debug|Win32
		{D4F54987-B682-4D4D-BF3E-EF447789F5AB}.Debug|x86.Build.0 = Debug|Win32
		{D4F54987-B682-4D4D-BF3E-EF447789F5AB}.Release|x64.ActiveCfg = Release|x64
		{D4F54987-B682-4D4D-BF3E-EF447789F5AB}.Release|x64.Build.0 = Release|x64
		{D4F54987-B682-4D4D-BF3E-EF447789F5AB}.Release|x86.ActiveCfg = Release|Win32
		{D4F54987-B682-4D4D-BF3E-EF447789F5AB}.Release|x86.Build.0 = Release|Win32
		{C63514A2-A7E4-4A9A-B5A4-62D4087F6FE5}.Debug|x64.ActiveCfg = Debug|x64
		{C63514A2-A7E4-4A9A-B5A4-62D4087F6FE5}.Debug|x64.Build.0 = Debug|x64
		{C63514A2-A7E4-4A9A-B5A4-62D4087F6FE5}.Debug|x86.ActiveCfg = Debug|Win32
		{C63514A2-A7E4-4A9A-B5A4-62D4087F6FE5}.Debug|x86.Build.0 = Debug|Win32
		{C63514A2-A7E4-4A9A-B5A4-62D4087F6FE5}.Release|x64.ActiveCfg = Release|x64
		{C63514A2-A7E4-4A9A-B5A4-62D4087F6FE5}.Release|x64.Build.0 = Release|x64
		{C63514A2-A7E4-4A9A-B5A4-62D4087F6FE5}.Release|x86.ActiveCfg = Release|Win32
		{C63514A2-A7E4-4A9A-B5A4-62D4087F6FE5}.Release|x86.Build.0 = Release|Win32
		{9B93B565-3AE8-459B-A889-7CD2F712DD26}.Debug|x64.ActiveCfg = Debug|x64
		{9B93B565-3AE8-459B-A889-7CD2F712DD26}.Debug|x64.Build.0 = Debug|x64
		{9B93B565-3AE8-459B-A889-7CD2F712DD26}.Debug|x86.ActiveCfg = Debug|Win32
		{9B93B565-3AE8-459B-A889-7CD2F712DD26}.Debug|x86.Build.0 = Debug|Win32
		{9B93B565-3AE8-459B-A889-7CD2F712DD26}.Release|x64.ActiveCfg = Release|x64
		{9B93B565-3AE8-459B-A889-7CD2F712DD26}.Release|x64.Build.0 = Release|x64
		{9B93B565-3AE8-459B-A889-7CD2F712DD26}.Release|x86.ActiveCfg = Release|Win32
		{9B93B565-3AE8-459B-A889-7CD2F712DD26}.Release|x86.Build.0 = Release|Win32
		{7FE917DF-F77F-49C1-ABEA-E71362CC9FCE}.Debug|x64.ActiveCfg = Debug|x64
		{7FE917DF-F77F-49C1-ABEA-E71362CC9FCE}.Debug|x64.Build.0 = Debug|x64
		{7FE917DF-F77F-49C1-ABEA-E71362CC9FCE}.Debug|x86.ActiveCfg = Debug|Win32
		{7FE917DF-F77F-49C1-ABEA-E71362CC9FCE}.Debug|x86.Build.0 = Debug|Win32
		{7FE917DF-F77F-49C1-ABEA-E71362CC9FCE}.Release|x64.ActiveCfg = Release|x64
		{7FE917DF-F77F-49C1-ABEA-E71362CC9FCE}.Release|x64.Build.0 = Release|x64
		{7FE917DF-F77F-49C1-ABEA-E71362CC9FCE}.Release|x86.ActiveCfg = Release|Win32
		{7FE917DF-F77F-49C1-ABEA-E71362CC9FCE}.Release|x86.Build.0 = Release|Win32
		{12483AE1-9F71-4A10-8EC4-E5AC2314C2E3}.Debug|x64.ActiveCfg = Debug|x64
		{12483AE1-9F71-4A10-8EC4-E5AC2314C2E3}.Debug|x64.Build.0 = Debug|x64
		{12483AE1-9F71-4A10-8EC4-E5AC2314C2E3}.Debug|x86.ActiveCfg = Debug|Win32
		{12483AE1-9F71-4A10-8EC4-E5AC2314C2E3}.Debug|x86.Build.0 = Debug|Win32
		{12483AE1-9F71-4A10-8EC4-E5AC2314C2E3}.Release|x64.ActiveCfg = Release|x64
		{12483AE1-9F71-4A10-8EC4-E5AC2314C2E3}.Release|x64.Build.0 = Release|x64
		{12483AE1-9F71-4A10-8EC4-E5AC2314C2E3}.Release|x86.ActiveCfg = Release|Win32
		{12483AE1-9F71-4A10-8EC4-E5AC2314C2E3}.Release|x86.Build.0 = Release|Win32
		{67E4A36F-9E58-4211-BEA8-165B4795FA12}.Debug|x64.ActiveCfg = Debug|x64
		{67E4A36F-9E58-4211-BEA8-165B4795FA12}.Debug|x64.Build.0 = Debug|x64
		{67E4A36F-9E58-4211-BEA8-165B4795FA12}.Debug|x86.ActiveCfg = Debug|Win32
		{67E4A36F-9E58-4211-BEA8-165B4795FA12}.Debug|x86.Build.0 = Debug|Win32
		{67E4A36F-9E58-4211-BEA8-165B4795FA12}.Release|x64.ActiveCfg = Release|x64
		{67E4A36F-9E58-4211-BEA8-165B4795FA12}.Release|x64.Build.0 = Release|x64
		{67E4A36F-9E58-4211-BEA8-165B4795FA12}.Release|x86.ActiveCfg = Release|Win32
		{67E4A36F-9E58-4211-BEA8-165B4795FA12}.Release|x86.Build.0 = Release|Win32
	EndGlobalSection
	GlobalSection(SolutionProperties) = preSolution
		HideSolutionNode = FALSE
	EndGlobalSection
EndGlobal
